Microsoft Visual Studio Solution File, Format Version 11.00
# Visual Studio 2008

Project("{76D1317D-CC71-F83F-F54A-BC79420C08CE}") = "JogoSemNome", "Assembly-CSharp.csproj", "{614DE769-68FA-4CF1-6274-97597170C55F}"
EndProject
Global
	GlobalSection(SolutionConfigurationPlatforms) = preSolution
		Debug|Any CPU = Debug|Any CPU
		Release|Any CPU = Release|Any CPU
	EndGlobalSection
	GlobalSection(ProjectConfigurationPlatforms) = postSolution
		{614DE769-68FA-4CF1-6274-97597170C55F}.Debug|Any CPU.ActiveCfg = Debug|Any CPU
		{614DE769-68FA-4CF1-6274-97597170C55F}.Debug|Any CPU.Build.0 = Debug|Any CPU
		{614DE769-68FA-4CF1-6274-97597170C55F}.Release|Any CPU.ActiveCfg = Release|Any CPU
		{614DE769-68FA-4CF1-6274-97597170C55F}.Release|Any CPU.Build.0 = Release|Any CPU
	EndGlobalSection
	GlobalSection(SolutionProperties) = preSolution
		HideSolutionNode = FALSE
	EndGlobalSection
	GlobalSection(MonoDevelopProperties) = preSolution
		StartupItem = Assembly-CSharp.csproj
	EndGlobalSection
EndGlobal
